
<<<<<<< HEAD
Microsoft Visual Studio Solution File, Format Version 12.00
# Visual Studio 15
Project("{FAE04EC0-301F-11D3-BF4B-00C04F79EFBC}") = "Assembly-CSharp", "Assembly-CSharp.csproj", "{5FA3F11A-2F8F-0D3A-7556-AFEBD592B53B}"
=======
Microsoft Visual Studio Solution File, Format Version 11.00
# Visual Studio 2010
Project("{FAE04EC0-301F-11D3-BF4B-00C04F79EFBC}") = "Assembly-CSharp", "Assembly-CSharp.csproj", "{1af1a35f-8f2f-3a0d-7556-afebd592b53b}"
>>>>>>> b3757e771aeb94c32c1a11441a4235df93d6d95b
EndProject
Global
	GlobalSection(SolutionConfigurationPlatforms) = preSolution
		Debug|Any CPU = Debug|Any CPU
	EndGlobalSection
	GlobalSection(ProjectConfigurationPlatforms) = postSolution
<<<<<<< HEAD
		{5FA3F11A-2F8F-0D3A-7556-AFEBD592B53B}.Debug|Any CPU.ActiveCfg = Debug|Any CPU
		{5FA3F11A-2F8F-0D3A-7556-AFEBD592B53B}.Debug|Any CPU.Build.0 = Debug|Any CPU
		{5FA3F11A-2F8F-0D3A-7556-AFEBD592B53B}.Release|Any CPU.ActiveCfg = Release|Any CPU
		{5FA3F11A-2F8F-0D3A-7556-AFEBD592B53B}.Release|Any CPU.Build.0 = Release|Any CPU
=======
		{1af1a35f-8f2f-3a0d-7556-afebd592b53b}.Debug|Any CPU.ActiveCfg = Debug|Any CPU
		{1af1a35f-8f2f-3a0d-7556-afebd592b53b}.Debug|Any CPU.Build.0 = Debug|Any CPU
>>>>>>> b3757e771aeb94c32c1a11441a4235df93d6d95b
	EndGlobalSection
	GlobalSection(SolutionProperties) = preSolution
		HideSolutionNode = FALSE
	EndGlobalSection
EndGlobal
